
Microsoft Visual Studio Solution File, Format Version 12.00
# Visual Studio Version 17
VisualStudioVersion = 17.7.34003.232
MinimumVisualStudioVersion = 10.0.40219.1
Project("{9A19103F-16F7-4668-BE54-9A1E7A4F7556}") = "BLL", "CourseWork!\BLL.csproj", "{817B9523-1CAF-4BCF-ABDD-77343DA8E271}"
EndProject
Project("{9A19103F-16F7-4668-BE54-9A1E7A4F7556}") = "DAL", "DAL\DAL.csproj", "{61D39C97-63D3-4BB1-9105-FEB2CA467FC5}"
EndProject
Project("{9A19103F-16F7-4668-BE54-9A1E7A4F7556}") = "PL", "PL!\PL.csproj", "{EE3D76FA-23E9-4544-923F-8F0E1306FC9E}"
EndProject
Project("{9A19103F-16F7-4668-BE54-9A1E7A4F7556}") = "BLLTests", "BLLTests\BLLTests.csproj", "{940AB605-A724-4FB2-9AA1-763CC12BCFB3}"
EndProject
Project("{FAE04EC0-301F-11D3-BF4B-00C04F79EFBC}") = "DALTests", "DALTests\DALTests.csproj", "{63046E51-D86D-4CAE-B2D2-EDDBFA3256B9}"
EndProject
Global
	GlobalSection(SolutionConfigurationPlatforms) = preSolution
		Debug|Any CPU = Debug|Any CPU
		Release|Any CPU = Release|Any CPU
	EndGlobalSection
	GlobalSection(ProjectConfigurationPlatforms) = postSolution
		{817B9523-1CAF-4BCF-ABDD-77343DA8E271}.Debug|Any CPU.ActiveCfg = Debug|Any CPU
		{817B9523-1CAF-4BCF-ABDD-77343DA8E271}.Debug|Any CPU.Build.0 = Debug|Any CPU
		{817B9523-1CAF-4BCF-ABDD-77343DA8E271}.Release|Any CPU.ActiveCfg = Release|Any CPU
		{817B9523-1CAF-4BCF-ABDD-77343DA8E271}.Release|Any CPU.Build.0 = Release|Any CPU
		{61D39C97-63D3-4BB1-9105-FEB2CA467FC5}.Debug|Any CPU.ActiveCfg = Debug|Any CPU
		{61D39C97-63D3-4BB1-9105-FEB2CA467FC5}.Debug|Any CPU.Build.0 = Debug|Any CPU
		{61D39C97-63D3-4BB1-9105-FEB2CA467FC5}.Release|Any CPU.ActiveCfg = Release|Any CPU
		{61D39C97-63D3-4BB1-9105-FEB2CA467FC5}.Release|Any CPU.Build.0 = Release|Any CPU
		{EE3D76FA-23E9-4544-923F-8F0E1306FC9E}.Debug|Any CPU.ActiveCfg = Debug|Any CPU
		{EE3D76FA-23E9-4544-923F-8F0E1306FC9E}.Debug|Any CPU.Build.0 = Debug|Any CPU
		{EE3D76FA-23E9-4544-923F-8F0E1306FC9E}.Release|Any CPU.ActiveCfg = Release|Any CPU
		{EE3D76FA-23E9-4544-923F-8F0E1306FC9E}.Release|Any CPU.Build.0 = Release|Any CPU
		{940AB605-A724-4FB2-9AA1-763CC12BCFB3}.Debug|Any CPU.ActiveCfg = Debug|Any CPU
		{940AB605-A724-4FB2-9AA1-763CC12BCFB3}.Debug|Any CPU.Build.0 = Debug|Any CPU
		{940AB605-A724-4FB2-9AA1-763CC12BCFB3}.Release|Any CPU.ActiveCfg = Release|Any CPU
		{940AB605-A724-4FB2-9AA1-763CC12BCFB3}.Release|Any CPU.Build.0 = Release|Any CPU
		{63046E51-D86D-4CAE-B2D2-EDDBFA3256B9}.Debug|Any CPU.ActiveCfg = Debug|Any CPU
		{63046E51-D86D-4CAE-B2D2-EDDBFA3256B9}.Debug|Any CPU.Build.0 = Debug|Any CPU
		{63046E51-D86D-4CAE-B2D2-EDDBFA3256B9}.Release|Any CPU.ActiveCfg = Release|Any CPU
		{63046E51-D86D-4CAE-B2D2-EDDBFA3256B9}.Release|Any CPU.Build.0 = Release|Any CPU
	EndGlobalSection
	GlobalSection(SolutionProperties) = preSolution
		HideSolutionNode = FALSE
	EndGlobalSection
	GlobalSection(ExtensibilityGlobals) = postSolution
		SolutionGuid = {D42A9228-6C6C-4FD7-9CD7-6C26EB58E28A}
	EndGlobalSection
EndGlobal
